// !$*UTF8*$!
{
	archiveVersion = 1;
	classes = {
	};
	objectVersion = 56;
	objects = {

/* Begin PBXBuildFile section */
		EF6DA118B5B409CB00B85924 /* Pods_GoogleMapSwift.framework in Frameworks */ = {isa = PBXBuildFile; fileRef = DEEE7B27825D863B0F8F7938 /* Pods_GoogleMapSwift.framework */; };
		FFE8A9522B79DB4500F0DB2A /* AppDelegate.swift in Sources */ = {isa = PBXBuildFile; fileRef = FFE8A9512B79DB4500F0DB2A /* AppDelegate.swift */; };
		FFE8A9542B79DB4500F0DB2A /* SceneDelegate.swift in Sources */ = {isa = PBXBuildFile; fileRef = FFE8A9532B79DB4500F0DB2A /* SceneDelegate.swift */; };
		FFE8A9562B79DB4500F0DB2A /* ViewController.swift in Sources */ = {isa = PBXBuildFile; fileRef = FFE8A9552B79DB4500F0DB2A /* ViewController.swift */; };
		FFE8A9592B79DB4500F0DB2A /* Main.storyboard in Resources */ = {isa = PBXBuildFile; fileRef = FFE8A9572B79DB4500F0DB2A /* Main.storyboard */; };
		FFE8A95B2B79DB4700F0DB2A /* Assets.xcassets in Resources */ = {isa = PBXBuildFile; fileRef = FFE8A95A2B79DB4700F0DB2A /* Assets.xcassets */; };
		FFE8A95E2B79DB4700F0DB2A /* LaunchScreen.storyboard in Resources */ = {isa = PBXBuildFile; fileRef = FFE8A95C2B79DB4700F0DB2A /* LaunchScreen.storyboard */; };
		FFE8A9692B79DBE800F0DB2A /* test.swift in Sources */ = {isa = PBXBuildFile; fileRef = FFE8A9682B79DBE800F0DB2A /* test.swift */; };
		FFE8A96F2B79DE8C00F0DB2A /* CurrentLocationVC.swift in Sources */ = {isa = PBXBuildFile; fileRef = FFE8A96E2B79DE8C00F0DB2A /* CurrentLocationVC.swift */; };
		FFE8A9712B79DEB600F0DB2A /* PolygonVC.swift in Sources */ = {isa = PBXBuildFile; fileRef = FFE8A9702B79DEB600F0DB2A /* PolygonVC.swift */; };
		FFE8A9732B79DED900F0DB2A /* GeofenceVC.swift in Sources */ = {isa = PBXBuildFile; fileRef = FFE8A9722B79DED900F0DB2A /* GeofenceVC.swift */; };
		FFE8A9752B79DF0D00F0DB2A /* RouteDrawVC.swift in Sources */ = {isa = PBXBuildFile; fileRef = FFE8A9742B79DF0D00F0DB2A /* RouteDrawVC.swift */; };
		FFE8A9772B79E2F600F0DB2A /* MapServices.swift in Sources */ = {isa = PBXBuildFile; fileRef = FFE8A9762B79E2F600F0DB2A /* MapServices.swift */; };
		FFE8A9792B79F78800F0DB2A /* CLLocation+Extension.swift in Sources */ = {isa = PBXBuildFile; fileRef = FFE8A9782B79F78800F0DB2A /* CLLocation+Extension.swift */; };
/* End PBXBuildFile section */

/* Begin PBXFileReference section */
		0182685EB40BDCACFE584379 /* Pods-GoogleMapSwift.debug.xcconfig */ = {isa = PBXFileReference; includeInIndex = 1; lastKnownFileType = text.xcconfig; name = "Pods-GoogleMapSwift.debug.xcconfig"; path = "Target Support Files/Pods-GoogleMapSwift/Pods-GoogleMapSwift.debug.xcconfig"; sourceTree = "<group>"; };
		CE4A62B60F61490367A9B38B /* Pods-GoogleMapSwift.release.xcconfig */ = {isa = PBXFileReference; includeInIndex = 1; lastKnownFileType = text.xcconfig; name = "Pods-GoogleMapSwift.release.xcconfig"; path = "Target Support Files/Pods-GoogleMapSwift/Pods-GoogleMapSwift.release.xcconfig"; sourceTree = "<group>"; };
		DEEE7B27825D863B0F8F7938 /* Pods_GoogleMapSwift.framework */ = {isa = PBXFileReference; explicitFileType = wrapper.framework; includeInIndex = 0; path = Pods_GoogleMapSwift.framework; sourceTree = BUILT_PRODUCTS_DIR; };
		FFE8A94E2B79DB4500F0DB2A /* GoogleMapSwift.app */ = {isa = PBXFileReference; explicitFileType = wrapper.application; includeInIndex = 0; path = GoogleMapSwift.app; sourceTree = BUILT_PRODUCTS_DIR; };
		FFE8A9512B79DB4500F0DB2A /* AppDelegate.swift */ = {isa = PBXFileReference; lastKnownFileType = sourcecode.swift; path = AppDelegate.swift; sourceTree = "<group>"; };
		FFE8A9532B79DB4500F0DB2A /* SceneDelegate.swift */ = {isa = PBXFileReference; lastKnownFileType = sourcecode.swift; path = SceneDelegate.swift; sourceTree = "<group>"; };
		FFE8A9552B79DB4500F0DB2A /* ViewController.swift */ = {isa = PBXFileReference; lastKnownFileType = sourcecode.swift; path = ViewController.swift; sourceTree = "<group>"; };
		FFE8A9582B79DB4500F0DB2A /* Base */ = {isa = PBXFileReference; lastKnownFileType = file.storyboard; name = Base; path = Base.lproj/Main.storyboard; sourceTree = "<group>"; };
		FFE8A95A2B79DB4700F0DB2A /* Assets.xcassets */ = {isa = PBXFileReference; lastKnownFileType = folder.assetcatalog; path = Assets.xcassets; sourceTree = "<group>"; };
		FFE8A95D2B79DB4700F0DB2A /* Base */ = {isa = PBXFileReference; lastKnownFileType = file.storyboard; name = Base; path = Base.lproj/LaunchScreen.storyboard; sourceTree = "<group>"; };
		FFE8A95F2B79DB4700F0DB2A /* Info.plist */ = {isa = PBXFileReference; lastKnownFileType = text.plist.xml; path = Info.plist; sourceTree = "<group>"; };
		FFE8A9682B79DBE800F0DB2A /* test.swift */ = {isa = PBXFileReference; lastKnownFileType = sourcecode.swift; path = test.swift; sourceTree = "<group>"; };
		FFE8A96E2B79DE8C00F0DB2A /* CurrentLocationVC.swift */ = {isa = PBXFileReference; lastKnownFileType = sourcecode.swift; path = CurrentLocationVC.swift; sourceTree = "<group>"; };
		FFE8A9702B79DEB600F0DB2A /* PolygonVC.swift */ = {isa = PBXFileReference; lastKnownFileType = sourcecode.swift; path = PolygonVC.swift; sourceTree = "<group>"; };
		FFE8A9722B79DED900F0DB2A /* GeofenceVC.swift */ = {isa = PBXFileReference; lastKnownFileType = sourcecode.swift; path = GeofenceVC.swift; sourceTree = "<group>"; };
		FFE8A9742B79DF0D00F0DB2A /* RouteDrawVC.swift */ = {isa = PBXFileReference; lastKnownFileType = sourcecode.swift; path = RouteDrawVC.swift; sourceTree = "<group>"; };
		FFE8A9762B79E2F600F0DB2A /* MapServices.swift */ = {isa = PBXFileReference; lastKnownFileType = sourcecode.swift; path = MapServices.swift; sourceTree = "<group>"; };
		FFE8A9782B79F78800F0DB2A /* CLLocation+Extension.swift */ = {isa = PBXFileReference; lastKnownFileType = sourcecode.swift; path = "CLLocation+Extension.swift"; sourceTree = "<group>"; };
		FFE8A97A2B7A16E200F0DB2A /* SimulateGeofencing.gpx */ = {isa = PBXFileReference; lastKnownFileType = text.xml; path = SimulateGeofencing.gpx; sourceTree = "<group>"; };
/* End PBXFileReference section */

/* Begin PBXFrameworksBuildPhase section */
		FFE8A94B2B79DB4500F0DB2A /* Frameworks */ = {
			isa = PBXFrameworksBuildPhase;
			buildActionMask = 2147483647;
			files = (
				EF6DA118B5B409CB00B85924 /* Pods_GoogleMapSwift.framework in Frameworks */,
			);
			runOnlyForDeploymentPostprocessing = 0;
		};
/* End PBXFrameworksBuildPhase section */

/* Begin PBXGroup section */
		486FE27E0DAB4CC135C3D5F0 /* Frameworks */ = {
			isa = PBXGroup;
			children = (
				DEEE7B27825D863B0F8F7938 /* Pods_GoogleMapSwift.framework */,
			);
			name = Frameworks;
			sourceTree = "<group>";
		};
		9A5FD3A296ED99F69A595994 /* Pods */ = {
			isa = PBXGroup;
			children = (
				0182685EB40BDCACFE584379 /* Pods-GoogleMapSwift.debug.xcconfig */,
				CE4A62B60F61490367A9B38B /* Pods-GoogleMapSwift.release.xcconfig */,
			);
			path = Pods;
			sourceTree = "<group>";
		};
		FFE8A9452B79DB4500F0DB2A = {
			isa = PBXGroup;
			children = (
				FFE8A9502B79DB4500F0DB2A /* GoogleMapSwift */,
				FFE8A94F2B79DB4500F0DB2A /* Products */,
				9A5FD3A296ED99F69A595994 /* Pods */,
				486FE27E0DAB4CC135C3D5F0 /* Frameworks */,
			);
			sourceTree = "<group>";
		};
		FFE8A94F2B79DB4500F0DB2A /* Products */ = {
			isa = PBXGroup;
			children = (
				FFE8A94E2B79DB4500F0DB2A /* GoogleMapSwift.app */,
			);
			name = Products;
			sourceTree = "<group>";
		};
		FFE8A9502B79DB4500F0DB2A /* GoogleMapSwift */ = {
			isa = PBXGroup;
			children = (
				FFE8A9672B79DB9500F0DB2A /* Extensions */,
				FFE8A9662B79DB8800F0DB2A /* Services */,
				FFE8A9652B79DB5F00F0DB2A /* View + ViewController */,
				FFE8A9512B79DB4500F0DB2A /* AppDelegate.swift */,
				FFE8A9532B79DB4500F0DB2A /* SceneDelegate.swift */,
				FFE8A9572B79DB4500F0DB2A /* Main.storyboard */,
				FFE8A95A2B79DB4700F0DB2A /* Assets.xcassets */,
				FFE8A95C2B79DB4700F0DB2A /* LaunchScreen.storyboard */,
				FFE8A95F2B79DB4700F0DB2A /* Info.plist */,
			);
			path = GoogleMapSwift;
			sourceTree = "<group>";
		};
		FFE8A9652B79DB5F00F0DB2A /* View + ViewController */ = {
			isa = PBXGroup;
			children = (
				FFE8A9552B79DB4500F0DB2A /* ViewController.swift */,
				FFE8A96E2B79DE8C00F0DB2A /* CurrentLocationVC.swift */,
				FFE8A9702B79DEB600F0DB2A /* PolygonVC.swift */,
				FFE8A9722B79DED900F0DB2A /* GeofenceVC.swift */,
				FFE8A9742B79DF0D00F0DB2A /* RouteDrawVC.swift */,
				FFE8A97A2B7A16E200F0DB2A /* SimulateGeofencing.gpx */,
			);
			path = "View + ViewController";
			sourceTree = "<group>";
		};
		FFE8A9662B79DB8800F0DB2A /* Services */ = {
			isa = PBXGroup;
			children = (
				FFE8A9682B79DBE800F0DB2A /* test.swift */,
				FFE8A9762B79E2F600F0DB2A /* MapServices.swift */,
			);
			path = Services;
			sourceTree = "<group>";
		};
		FFE8A9672B79DB9500F0DB2A /* Extensions */ = {
			isa = PBXGroup;
			children = (
				FFE8A9782B79F78800F0DB2A /* CLLocation+Extension.swift */,
			);
			path = Extensions;
			sourceTree = "<group>";
		};
/* End PBXGroup section */

/* Begin PBXNativeTarget section */
		FFE8A94D2B79DB4500F0DB2A /* GoogleMapSwift */ = {
			isa = PBXNativeTarget;
			buildConfigurationList = FFE8A9622B79DB4700F0DB2A /* Build configuration list for PBXNativeTarget "GoogleMapSwift" */;
			buildPhases = (
				F56660FF96DC814BF893F88A /* [CP] Check Pods Manifest.lock */,
				FFE8A94A2B79DB4500F0DB2A /* Sources */,
				FFE8A94B2B79DB4500F0DB2A /* Frameworks */,
				FFE8A94C2B79DB4500F0DB2A /* Resources */,
				8E05A8F543D84F417C0B774A /* [CP] Embed Pods Frameworks */,
				FB7A1A68FCBC1F81479ACD8D /* [CP] Copy Pods Resources */,
			);
			buildRules = (
			);
			dependencies = (
			);
			name = GoogleMapSwift;
			productName = GoogleMapSwift;
			productReference = FFE8A94E2B79DB4500F0DB2A /* GoogleMapSwift.app */;
			productType = "com.apple.product-type.application";
		};
/* End PBXNativeTarget section */

/* Begin PBXProject section */
		FFE8A9462B79DB4500F0DB2A /* Project object */ = {
			isa = PBXProject;
			attributes = {
				BuildIndependentTargetsInParallel = 1;
				LastSwiftUpdateCheck = 1520;
				LastUpgradeCheck = 1520;
				TargetAttributes = {
					FFE8A94D2B79DB4500F0DB2A = {
						CreatedOnToolsVersion = 15.2;
					};
				};
			};
			buildConfigurationList = FFE8A9492B79DB4500F0DB2A /* Build configuration list for PBXProject "GoogleMapSwift" */;
			compatibilityVersion = "Xcode 14.0";
			developmentRegion = en;
			hasScannedForEncodings = 0;
			knownRegions = (
				en,
				Base,
			);
			mainGroup = FFE8A9452B79DB4500F0DB2A;
			productRefGroup = FFE8A94F2B79DB4500F0DB2A /* Products */;
			projectDirPath = "";
			projectRoot = "";
			targets = (
				FFE8A94D2B79DB4500F0DB2A /* GoogleMapSwift */,
			);
		};
/* End PBXProject section */

/* Begin PBXResourcesBuildPhase section */
		FFE8A94C2B79DB4500F0DB2A /* Resources */ = {
			isa = PBXResourcesBuildPhase;
			buildActionMask = 2147483647;
			files = (
				FFE8A95E2B79DB4700F0DB2A /* LaunchScreen.storyboard in Resources */,
				FFE8A95B2B79DB4700F0DB2A /* Assets.xcassets in Resources */,
				FFE8A9592B79DB4500F0DB2A /* Main.storyboard in Resources */,
			);
			runOnlyForDeploymentPostprocessing = 0;
		};
/* End PBXResourcesBuildPhase section */

/* Begin PBXShellScriptBuildPhase section */
		8E05A8F543D84F417C0B774A /* [CP] Embed Pods Frameworks */ = {
			isa = PBXShellScriptBuildPhase;
			buildActionMask = 2147483647;
			files = (
			);
			inputFileListPaths = (
				"${PODS_ROOT}/Target Support Files/Pods-GoogleMapSwift/Pods-GoogleMapSwift-frameworks-${CONFIGURATION}-input-files.xcfilelist",
			);
			name = "[CP] Embed Pods Frameworks";
			outputFileListPaths = (
				"${PODS_ROOT}/Target Support Files/Pods-GoogleMapSwift/Pods-GoogleMapSwift-frameworks-${CONFIGURATION}-output-files.xcfilelist",
			);
			runOnlyForDeploymentPostprocessing = 0;
			shellPath = /bin/sh;
			shellScript = "\"${PODS_ROOT}/Target Support Files/Pods-GoogleMapSwift/Pods-GoogleMapSwift-frameworks.sh\"\n";
			showEnvVarsInLog = 0;
		};
		F56660FF96DC814BF893F88A /* [CP] Check Pods Manifest.lock */ = {
			isa = PBXShellScriptBuildPhase;
			buildActionMask = 2147483647;
			files = (
			);
			inputFileListPaths = (
			);
			inputPaths = (
				"${PODS_PODFILE_DIR_PATH}/Podfile.lock",
				"${PODS_ROOT}/Manifest.lock",
			);
			name = "[CP] Check Pods Manifest.lock";
			outputFileListPaths = (
			);
			outputPaths = (
				"$(DERIVED_FILE_DIR)/Pods-GoogleMapSwift-checkManifestLockResult.txt",
			);
			runOnlyForDeploymentPostprocessing = 0;
			shellPath = /bin/sh;
			shellScript = "diff \"${PODS_PODFILE_DIR_PATH}/Podfile.lock\" \"${PODS_ROOT}/Manifest.lock\" > /dev/null\nif [ $? != 0 ] ; then\n    # print error to STDERR\n    echo \"error: The sandbox is not in sync with the Podfile.lock. Run 'pod install' or update your CocoaPods installation.\" >&2\n    exit 1\nfi\n# This output is used by Xcode 'outputs' to avoid re-running this script phase.\necho \"SUCCESS\" > \"${SCRIPT_OUTPUT_FILE_0}\"\n";
			showEnvVarsInLog = 0;
		};
		FB7A1A68FCBC1F81479ACD8D /* [CP] Copy Pods Resources */ = {
			isa = PBXShellScriptBuildPhase;
			buildActionMask = 2147483647;
			files = (
			);
			inputFileListPaths = (
				"${PODS_ROOT}/Target Support Files/Pods-GoogleMapSwift/Pods-GoogleMapSwift-resources-${CONFIGURATION}-input-files.xcfilelist",
			);
			name = "[CP] Copy Pods Resources";
			outputFileListPaths = (
				"${PODS_ROOT}/Target Support Files/Pods-GoogleMapSwift/Pods-GoogleMapSwift-resources-${CONFIGURATION}-output-files.xcfilelist",
			);
			runOnlyForDeploymentPostprocessing = 0;
			shellPath = /bin/sh;
			shellScript = "\"${PODS_ROOT}/Target Support Files/Pods-GoogleMapSwift/Pods-GoogleMapSwift-resources.sh\"\n";
			showEnvVarsInLog = 0;
		};
/* End PBXShellScriptBuildPhase section */

/* Begin PBXSourcesBuildPhase section */
		FFE8A94A2B79DB4500F0DB2A /* Sources */ = {
			isa = PBXSourcesBuildPhase;
			buildActionMask = 2147483647;
			files = (
				FFE8A9732B79DED900F0DB2A /* GeofenceVC.swift in Sources */,
				FFE8A9562B79DB4500F0DB2A /* ViewController.swift in Sources */,
				FFE8A9772B79E2F600F0DB2A /* MapServices.swift in Sources */,
				FFE8A9692B79DBE800F0DB2A /* test.swift in Sources */,
				FFE8A9522B79DB4500F0DB2A /* AppDelegate.swift in Sources */,
				FFE8A9792B79F78800F0DB2A /* CLLocation+Extension.swift in Sources */,
				FFE8A9752B79DF0D00F0DB2A /* RouteDrawVC.swift in Sources */,
				FFE8A9542B79DB4500F0DB2A /* SceneDelegate.swift in Sources */,
				FFE8A96F2B79DE8C00F0DB2A /* CurrentLocationVC.swift in Sources */,
				FFE8A9712B79DEB600F0DB2A /* PolygonVC.swift in Sources */,
			);
			runOnlyForDeploymentPostprocessing = 0;
		};
/* End PBXSourcesBuildPhase section */

/* Begin PBXVariantGroup section */
		FFE8A9572B79DB4500F0DB2A /* Main.storyboard */ = {
			isa = PBXVariantGroup;
			children = (
				FFE8A9582B79DB4500F0DB2A /* Base */,
			);
			name = Main.storyboard;
			sourceTree = "<group>";
		};
		FFE8A95C2B79DB4700F0DB2A /* LaunchScreen.storyboard */ = {
			isa = PBXVariantGroup;
			children = (
				FFE8A95D2B79DB4700F0DB2A /* Base */,
			);
			name = LaunchScreen.storyboard;
			sourceTree = "<group>";
		};
/* End PBXVariantGroup section */

/* Begin XCBuildConfiguration section */
		FFE8A9602B79DB4700F0DB2A /* Debug */ = {
			isa = XCBuildConfiguration;
			buildSettings = {
				ALWAYS_SEARCH_USER_PATHS = NO;
				ASSETCATALOG_COMPILER_GENERATE_SWIFT_ASSET_SYMBOL_EXTENSIONS = YES;
				CLANG_ANALYZER_NONNULL = YES;
				CLANG_ANALYZER_NUMBER_OBJECT_CONVERSION = YES_AGGRESSIVE;
				CLANG_CXX_LANGUAGE_STANDARD = "gnu++20";
				CLANG_ENABLE_MODULES = YES;
				CLANG_ENABLE_OBJC_ARC = YES;
				CLANG_ENABLE_OBJC_WEAK = YES;
				CLANG_WARN_BLOCK_CAPTURE_AUTORELEASING = YES;
				CLANG_WARN_BOOL_CONVERSION = YES;
				CLANG_WARN_COMMA = YES;
				CLANG_WARN_CONSTANT_CONVERSION = YES;
				CLANG_WARN_DEPRECATED_OBJC_IMPLEMENTATIONS = YES;
				CLANG_WARN_DIRECT_OBJC_ISA_USAGE = YES_ERROR;
				CLANG_WARN_DOCUMENTATION_COMMENTS = YES;
				CLANG_WARN_EMPTY_BODY = YES;
				CLANG_WARN_ENUM_CONVERSION = YES;
				CLANG_WARN_INFINITE_RECURSION = YES;
				CLANG_WARN_INT_CONVERSION = YES;
				CLANG_WARN_NON_LITERAL_NULL_CONVERSION = YES;
				CLANG_WARN_OBJC_IMPLICIT_RETAIN_SELF = YES;
				CLANG_WARN_OBJC_LITERAL_CONVERSION = YES;
				CLANG_WARN_OBJC_ROOT_CLASS = YES_ERROR;
				CLANG_WARN_QUOTED_INCLUDE_IN_FRAMEWORK_HEADER = YES;
				CLANG_WARN_RANGE_LOOP_ANALYSIS = YES;
				CLANG_WARN_STRICT_PROTOTYPES = YES;
				CLANG_WARN_SUSPICIOUS_MOVE = YES;
				CLANG_WARN_UNGUARDED_AVAILABILITY = YES_AGGRESSIVE;
				CLANG_WARN_UNREACHABLE_CODE = YES;
				CLANG_WARN__DUPLICATE_METHOD_MATCH = YES;
				COPY_PHASE_STRIP = NO;
				DEBUG_INFORMATION_FORMAT = dwarf;
				ENABLE_STRICT_OBJC_MSGSEND = YES;
				ENABLE_TESTABILITY = YES;
				ENABLE_USER_SCRIPT_SANDBOXING = NO;
				GCC_C_LANGUAGE_STANDARD = gnu17;
				GCC_DYNAMIC_NO_PIC = NO;
				GCC_NO_COMMON_BLOCKS = YES;
				GCC_OPTIMIZATION_LEVEL = 0;
				GCC_PREPROCESSOR_DEFINITIONS = (
					"DEBUG=1",
					"$(inherited)",
				);
				GCC_WARN_64_TO_32_BIT_CONVERSION = YES;
				GCC_WARN_ABOUT_RETURN_TYPE = YES_ERROR;
				GCC_WARN_UNDECLARED_SELECTOR = YES;
				GCC_WARN_UNINITIALIZED_AUTOS = YES_AGGRESSIVE;
				GCC_WARN_UNUSED_FUNCTION = YES;
				GCC_WARN_UNUSED_VARIABLE = YES;
				IPHONEOS_DEPLOYMENT_TARGET = 13.0;
				LOCALIZATION_PREFERS_STRING_CATALOGS = YES;
				MTL_ENABLE_DEBUG_INFO = INCLUDE_SOURCE;
				MTL_FAST_MATH = YES;
				ONLY_ACTIVE_ARCH = YES;
				SDKROOT = iphoneos;
				SWIFT_ACTIVE_COMPILATION_CONDITIONS = "DEBUG $(inherited)";
				SWIFT_OPTIMIZATION_LEVEL = "-Onone";
			};
			name = Debug;
		};
		FFE8A9612B79DB4700F0DB2A /* Release */ = {
			isa = XCBuildConfiguration;
			buildSettings = {
				ALWAYS_SEARCH_USER_PATHS = NO;
				ASSETCATALOG_COMPILER_GENERATE_SWIFT_ASSET_SYMBOL_EXTENSIONS = YES;
				CLANG_ANALYZER_NONNULL = YES;
				CLANG_ANALYZER_NUMBER_OBJECT_CONVERSION = YES_AGGRESSIVE;
				CLANG_CXX_LANGUAGE_STANDARD = "gnu++20";
				CLANG_ENABLE_MODULES = YES;
				CLANG_ENABLE_OBJC_ARC = YES;
				CLANG_ENABLE_OBJC_WEAK = YES;
				CLANG_WARN_BLOCK_CAPTURE_AUTORELEASING = YES;
				CLANG_WARN_BOOL_CONVERSION = YES;
				CLANG_WARN_COMMA = YES;
				CLANG_WARN_CONSTANT_CONVERSION = YES;
				CLANG_WARN_DEPRECATED_OBJC_IMPLEMENTATIONS = YES;
				CLANG_WARN_DIRECT_OBJC_ISA_USAGE = YES_ERROR;
				CLANG_WARN_DOCUMENTATION_COMMENTS = YES;
				CLANG_WARN_EMPTY_BODY = YES;
				CLANG_WARN_ENUM_CONVERSION = YES;
				CLANG_WARN_INFINITE_RECURSION = YES;
				CLANG_WARN_INT_CONVERSION = YES;
				CLANG_WARN_NON_LITERAL_NULL_CONVERSION = YES;
				CLANG_WARN_OBJC_IMPLICIT_RETAIN_SELF = YES;
				CLANG_WARN_OBJC_LITERAL_CONVERSION = YES;
				CLANG_WARN_OBJC_ROOT_CLASS = YES_ERROR;
				CLANG_WARN_QUOTED_INCLUDE_IN_FRAMEWORK_HEADER = YES;
				CLANG_WARN_RANGE_LOOP_ANALYSIS = YES;
				CLANG_WARN_STRICT_PROTOTYPES = YES;
				CLANG_WARN_SUSPICIOUS_MOVE = YES;
				CLANG_WARN_UNGUARDED_AVAILABILITY = YES_AGGRESSIVE;
				CLANG_WARN_UNREACHABLE_CODE = YES;
				CLANG_WARN__DUPLICATE_METHOD_MATCH = YES;
				COPY_PHASE_STRIP = NO;
				DEBUG_INFORMATION_FORMAT = "dwarf-with-dsym";
				ENABLE_NS_ASSERTIONS = NO;
				ENABLE_STRICT_OBJC_MSGSEND = YES;
				ENABLE_USER_SCRIPT_SANDBOXING = NO;
				GCC_C_LANGUAGE_STANDARD = gnu17;
				GCC_NO_COMMON_BLOCKS = YES;
				GCC_WARN_64_TO_32_BIT_CONVERSION = YES;
				GCC_WARN_ABOUT_RETURN_TYPE = YES_ERROR;
				GCC_WARN_UNDECLARED_SELECTOR = YES;
				GCC_WARN_UNINITIALIZED_AUTOS = YES_AGGRESSIVE;
				GCC_WARN_UNUSED_FUNCTION = YES;
				GCC_WARN_UNUSED_VARIABLE = YES;
				IPHONEOS_DEPLOYMENT_TARGET = 13.0;
				LOCALIZATION_PREFERS_STRING_CATALOGS = YES;
				MTL_ENABLE_DEBUG_INFO = NO;
				MTL_FAST_MATH = YES;
				SDKROOT = iphoneos;
				SWIFT_COMPILATION_MODE = wholemodule;
				VALIDATE_PRODUCT = YES;
			};
			name = Release;
		};
		FFE8A9632B79DB4700F0DB2A /* Debug */ = {
			isa = XCBuildConfiguration;
			baseConfigurationReference = 0182685EB40BDCACFE584379 /* Pods-GoogleMapSwift.debug.xcconfig */;
			buildSettings = {
				ASSETCATALOG_COMPILER_APPICON_NAME = AppIcon;
				ASSETCATALOG_COMPILER_GLOBAL_ACCENT_COLOR_NAME = AccentColor;
				CODE_SIGN_STYLE = Automatic;
				CURRENT_PROJECT_VERSION = 1;
				DEVELOPMENT_TEAM = 446HQB2H3T;
				GENERATE_INFOPLIST_FILE = YES;
				INFOPLIST_FILE = GoogleMapSwift/Info.plist;
				INFOPLIST_KEY_NSLocationWhenInUseUsageDescription = "We need your location to provide accurate information.";
				INFOPLIST_KEY_UIApplicationSupportsIndirectInputEvents = YES;
				INFOPLIST_KEY_UILaunchStoryboardName = LaunchScreen;
				INFOPLIST_KEY_UIMainStoryboardFile = Main;
				INFOPLIST_KEY_UISupportedInterfaceOrientations_iPad = "UIInterfaceOrientationPortrait UIInterfaceOrientationPortraitUpsideDown UIInterfaceOrientationLandscapeLeft UIInterfaceOrientationLandscapeRight";
				INFOPLIST_KEY_UISupportedInterfaceOrientations_iPhone = "UIInterfaceOrientationPortrait UIInterfaceOrientationLandscapeLeft UIInterfaceOrientationLandscapeRight";
				IPHONEOS_DEPLOYMENT_TARGET = 13.0;
				LD_RUNPATH_SEARCH_PATHS = (
					"$(inherited)",
					"@executable_path/Frameworks",
				);
				MARKETING_VERSION = 1.0;
				PRODUCT_BUNDLE_IDENTIFIER = com.sajidhasan.GoogleMapSwift;
				PRODUCT_NAME = "$(TARGET_NAME)";
				SWIFT_EMIT_LOC_STRINGS = YES;
				SWIFT_VERSION = 5.0;
				TARGETED_DEVICE_FAMILY = "1,2";
			};
			name = Debug;
		};
		FFE8A9642B79DB4700F0DB2A /* Release */ = {
			isa = XCBuildConfiguration;
			baseConfigurationReference = CE4A62B60F61490367A9B38B /* Pods-GoogleMapSwift.release.xcconfig */;
			buildSettings = {
				ASSETCATALOG_COMPILER_APPICON_NAME = AppIcon;
				ASSETCATALOG_COMPILER_GLOBAL_ACCENT_COLOR_NAME = AccentColor;
				CODE_SIGN_STYLE = Automatic;
				CURRENT_PROJECT_VERSION = 1;
				DEVELOPMENT_TEAM = 446HQB2H3T;
				GENERATE_INFOPLIST_FILE = YES;
				INFOPLIST_FILE = GoogleMapSwift/Info.plist;
				INFOPLIST_KEY_NSLocationWhenInUseUsageDescription = "We need your location to provide accurate information.";
				INFOPLIST_KEY_UIApplicationSupportsIndirectInputEvents = YES;
				INFOPLIST_KEY_UILaunchStoryboardName = LaunchScreen;
				INFOPLIST_KEY_UIMainStoryboardFile = Main;
				INFOPLIST_KEY_UISupportedInterfaceOrientations_iPad = "UIInterfaceOrientationPortrait UIInterfaceOrientationPortraitUpsideDown UIInterfaceOrientationLandscapeLeft UIInterfaceOrientationLandscapeRight";
				INFOPLIST_KEY_UISupportedInterfaceOrientations_iPhone = "UIInterfaceOrientationPortrait UIInterfaceOrientationLandscapeLeft UIInterfaceOrientationLandscapeRight";
				IPHONEOS_DEPLOYMENT_TARGET = 13.0;
				LD_RUNPATH_SEARCH_PATHS = (
					"$(inherited)",
					"@executable_path/Frameworks",
				);
				MARKETING_VERSION = 1.0;
				PRODUCT_BUNDLE_IDENTIFIER = com.sajidhasan.GoogleMapSwift;
				PRODUCT_NAME = "$(TARGET_NAME)";
				SWIFT_EMIT_LOC_STRINGS = YES;
				SWIFT_VERSION = 5.0;
				TARGETED_DEVICE_FAMILY = "1,2";
			};
			name = Release;
		};
/* End XCBuildConfiguration section */

/* Begin XCConfigurationList section */
		FFE8A9492B79DB4500F0DB2A /* Build configuration list for PBXProject "GoogleMapSwift" */ = {
			isa = XCConfigurationList;
			buildConfigurations = (
				FFE8A9602B79DB4700F0DB2A /* Debug */,
				FFE8A9612B79DB4700F0DB2A /* Release */,
			);
			defaultConfigurationIsVisible = 0;
			defaultConfigurationName = Release;
		};
		FFE8A9622B79DB4700F0DB2A /* Build configuration list for PBXNativeTarget "GoogleMapSwift" */ = {
			isa = XCConfigurationList;
			buildConfigurations = (
				FFE8A9632B79DB4700F0DB2A /* Debug */,
				FFE8A9642B79DB4700F0DB2A /* Release */,
			);
			defaultConfigurationIsVisible = 0;
			defaultConfigurationName = Release;
		};
/* End XCConfigurationList section */
	};
	rootObject = FFE8A9462B79DB4500F0DB2A /* Project object */;
}
